
Microsoft Visual Studio Solution File, Format Version 12.00
# Visual Studio Version 16
VisualStudioVersion = 16.0.32602.291
MinimumVisualStudioVersion = 10.0.40219.1
Project("{FAE04EC0-301F-11D3-BF4B-00C04F79EFBC}") = "Library App", "Library App.csproj", "{C938869E-8330-4968-BDE7-C0908E31E713}"
EndProject
Project("{FAE04EC0-301F-11D3-BF4B-00C04F79EFBC}") = "Domain", "..\Domain\Domain.csproj", "{4B6E6F1E-2BD6-422C-9FA5-70F873A95827}"
EndProject
Project("{FAE04EC0-301F-11D3-BF4B-00C04F79EFBC}") = "Repository1", "..\Repository1\Repository1.csproj", "{0D96B9FB-095D-4B99-8619-674D4FF59D46}"
EndProject
Project("{FAE04EC0-301F-11D3-BF4B-00C04F79EFBC}") = "Service", "..\Service\Service.csproj", "{96119063-EF99-4F3F-A703-6231546F7807}"
EndProject
Global
	GlobalSection(SolutionConfigurationPlatforms) = preSolution
		Debug|Any CPU = Debug|Any CPU
		Release|Any CPU = Release|Any CPU
	EndGlobalSection
	GlobalSection(ProjectConfigurationPlatforms) = postSolution
		{C938869E-8330-4968-BDE7-C0908E31E713}.Debug|Any CPU.ActiveCfg = Debug|Any CPU
		{C938869E-8330-4968-BDE7-C0908E31E713}.Debug|Any CPU.Build.0 = Debug|Any CPU
		{C938869E-8330-4968-BDE7-C0908E31E713}.Release|Any CPU.ActiveCfg = Release|Any CPU
		{C938869E-8330-4968-BDE7-C0908E31E713}.Release|Any CPU.Build.0 = Release|Any CPU
		{4B6E6F1E-2BD6-422C-9FA5-70F873A95827}.Debug|Any CPU.ActiveCfg = Debug|Any CPU
		{4B6E6F1E-2BD6-422C-9FA5-70F873A95827}.Debug|Any CPU.Build.0 = Debug|Any CPU
		{4B6E6F1E-2BD6-422C-9FA5-70F873A95827}.Release|Any CPU.ActiveCfg = Release|Any CPU
		{4B6E6F1E-2BD6-422C-9FA5-70F873A95827}.Release|Any CPU.Build.0 = Release|Any CPU
		{0D96B9FB-095D-4B99-8619-674D4FF59D46}.Debug|Any CPU.ActiveCfg = Debug|Any CPU
		{0D96B9FB-095D-4B99-8619-674D4FF59D46}.Debug|Any CPU.Build.0 = Debug|Any CPU
		{0D96B9FB-095D-4B99-8619-674D4FF59D46}.Release|Any CPU.ActiveCfg = Release|Any CPU
		{0D96B9FB-095D-4B99-8619-674D4FF59D46}.Release|Any CPU.Build.0 = Release|Any CPU
		{96119063-EF99-4F3F-A703-6231546F7807}.Debug|Any CPU.ActiveCfg = Debug|Any CPU
		{96119063-EF99-4F3F-A703-6231546F7807}.Debug|Any CPU.Build.0 = Debug|Any CPU
		{96119063-EF99-4F3F-A703-6231546F7807}.Release|Any CPU.ActiveCfg = Release|Any CPU
		{96119063-EF99-4F3F-A703-6231546F7807}.Release|Any CPU.Build.0 = Release|Any CPU
	EndGlobalSection
	GlobalSection(SolutionProperties) = preSolution
		HideSolutionNode = FALSE
	EndGlobalSection
	GlobalSection(ExtensibilityGlobals) = postSolution
		SolutionGuid = {E1749126-B6D2-4360-B102-AB13E5C8BD1A}
	EndGlobalSection
EndGlobal
